# THIS IS AN AUTOGENERATED FILE. DO NOT EDIT THIS FILE DIRECTLY.
# yarn lockfile v1


"@types/vue@^2.0.0":
  version "2.0.0"
  resolved "https://registry.yarnpkg.com/@types/vue/-/vue-2.0.0.tgz#ec77b3d89591deb9ca5cb052368aa9c32be088e7"
  dependencies:
    vue "*"

tsc@^1.20150623.0:
  version "1.20150623.0"
  resolved "https://registry.yarnpkg.com/tsc/-/tsc-1.20150623.0.tgz#4ebc3c774e169148cbc768a7342533f082c7a6e5"

vue@*, vue@^2.6.11:
  version "2.6.11"
  resolved "https://registry.yarnpkg.com/vue/-/vue-2.6.11.tgz#76594d877d4b12234406e84e35275c6d514125c5"
